// !$*UTF8*$!
{
	archiveVersion = 1;
	classes = {
	};
	objectVersion = 48;
	objects = {

/* Begin PBXBuildFile section */
		06C2F2AA2003229E00FCAFF3 /* AppDelegate.m in Sources */ = {isa = PBXBuildFile; fileRef = 06C2F2A92003229E00FCAFF3 /* AppDelegate.m */; };
		06C2F2AD2003229E00FCAFF3 /* ViewController.m in Sources */ = {isa = PBXBuildFile; fileRef = 06C2F2AC2003229E00FCAFF3 /* ViewController.m */; };
		06C2F2B02003229E00FCAFF3 /* Main.storyboard in Resources */ = {isa = PBXBuildFile; fileRef = 06C2F2AE2003229E00FCAFF3 /* Main.storyboard */; };
		06C2F2B22003229E00FCAFF3 /* Assets.xcassets in Resources */ = {isa = PBXBuildFile; fileRef = 06C2F2B12003229E00FCAFF3 /* Assets.xcassets */; };
		06C2F2B52003229E00FCAFF3 /* LaunchScreen.storyboard in Resources */ = {isa = PBXBuildFile; fileRef = 06C2F2B32003229E00FCAFF3 /* LaunchScreen.storyboard */; };
		06C2F2B82003229E00FCAFF3 /* main.m in Sources */ = {isa = PBXBuildFile; fileRef = 06C2F2B72003229E00FCAFF3 /* main.m */; };
		06C2F2C22003229E00FCAFF3 /* LinkDemoProjectTests.m in Sources */ = {isa = PBXBuildFile; fileRef = 06C2F2C12003229E00FCAFF3 /* LinkDemoProjectTests.m */; };
		06C2F2CD2003229E00FCAFF3 /* LinkDemoProjectUITests.m in Sources */ = {isa = PBXBuildFile; fileRef = 06C2F2CC2003229E00FCAFF3 /* LinkDemoProjectUITests.m */; };
		06C2F2DC200322B500FCAFF3 /* Person.m in Sources */ = {isa = PBXBuildFile; fileRef = 06C2F2DB200322B500FCAFF3 /* Person.m */; };
		06C2F2DF20033C2000FCAFF3 /* Person+goHome.m in Sources */ = {isa = PBXBuildFile; fileRef = 06C2F2DE20033C2000FCAFF3 /* Person+goHome.m */; };
		06C2F2E22003456600FCAFF3 /* MYView.m in Sources */ = {isa = PBXBuildFile; fileRef = 06C2F2E12003456600FCAFF3 /* MYView.m */; };
/* End PBXBuildFile section */

/* Begin PBXContainerItemProxy section */
		06C2F2BE2003229E00FCAFF3 /* PBXContainerItemProxy */ = {
			isa = PBXContainerItemProxy;
			containerPortal = 06C2F29D2003229E00FCAFF3 /* Project object */;
			proxyType = 1;
			remoteGlobalIDString = 06C2F2A42003229E00FCAFF3;
			remoteInfo = LinkDemoProject;
		};
		06C2F2C92003229E00FCAFF3 /* PBXContainerItemProxy */ = {
			isa = PBXContainerItemProxy;
			containerPortal = 06C2F29D2003229E00FCAFF3 /* Project object */;
			proxyType = 1;
			remoteGlobalIDString = 06C2F2A42003229E00FCAFF3;
			remoteInfo = LinkDemoProject;
		};
/* End PBXContainerItemProxy section */

/* Begin PBXFileReference section */
		06C2F2A52003229E00FCAFF3 /* LinkDemoProject.app */ = {isa = PBXFileReference; explicitFileType = wrapper.application; includeInIndex = 0; path = LinkDemoProject.app; sourceTree = BUILT_PRODUCTS_DIR; };
		06C2F2A82003229E00FCAFF3 /* AppDelegate.h */ = {isa = PBXFileReference; lastKnownFileType = sourcecode.c.h; path = AppDelegate.h; sourceTree = "<group>"; };
		06C2F2A92003229E00FCAFF3 /* AppDelegate.m */ = {isa = PBXFileReference; lastKnownFileType = sourcecode.c.objc; path = AppDelegate.m; sourceTree = "<group>"; };
		06C2F2AB2003229E00FCAFF3 /* ViewController.h */ = {isa = PBXFileReference; lastKnownFileType = sourcecode.c.h; path = ViewController.h; sourceTree = "<group>"; };
		06C2F2AC2003229E00FCAFF3 /* ViewController.m */ = {isa = PBXFileReference; lastKnownFileType = sourcecode.c.objc; path = ViewController.m; sourceTree = "<group>"; };
		06C2F2AF2003229E00FCAFF3 /* Base */ = {isa = PBXFileReference; lastKnownFileType = file.storyboard; name = Base; path = Base.lproj/Main.storyboard; sourceTree = "<group>"; };
		06C2F2B12003229E00FCAFF3 /* Assets.xcassets */ = {isa = PBXFileReference; lastKnownFileType = folder.assetcatalog; path = Assets.xcassets; sourceTree = "<group>"; };
		06C2F2B42003229E00FCAFF3 /* Base */ = {isa = PBXFileReference; lastKnownFileType = file.storyboard; name = Base; path = Base.lproj/LaunchScreen.storyboard; sourceTree = "<group>"; };
		06C2F2B62003229E00FCAFF3 /* Info.plist */ = {isa = PBXFileReference; lastKnownFileType = text.plist.xml; path = Info.plist; sourceTree = "<group>"; };
		06C2F2B72003229E00FCAFF3 /* main.m */ = {isa = PBXFileReference; lastKnownFileType = sourcecode.c.objc; path = main.m; sourceTree = "<group>"; };
		06C2F2BD2003229E00FCAFF3 /* LinkDemoProjectTests.xctest */ = {isa = PBXFileReference; explicitFileType = wrapper.cfbundle; includeInIndex = 0; path = LinkDemoProjectTests.xctest; sourceTree = BUILT_PRODUCTS_DIR; };
		06C2F2C12003229E00FCAFF3 /* LinkDemoProjectTests.m */ = {isa = PBXFileReference; lastKnownFileType = sourcecode.c.objc; path = LinkDemoProjectTests.m; sourceTree = "<group>"; };
		06C2F2C32003229E00FCAFF3 /* Info.plist */ = {isa = PBXFileReference; lastKnownFileType = text.plist.xml; path = Info.plist; sourceTree = "<group>"; };
		06C2F2C82003229E00FCAFF3 /* LinkDemoProjectUITests.xctest */ = {isa = PBXFileReference; explicitFileType = wrapper.cfbundle; includeInIndex = 0; path = LinkDemoProjectUITests.xctest; sourceTree = BUILT_PRODUCTS_DIR; };
		06C2F2CC2003229E00FCAFF3 /* LinkDemoProjectUITests.m */ = {isa = PBXFileReference; lastKnownFileType = sourcecode.c.objc; path = LinkDemoProjectUITests.m; sourceTree = "<group>"; };
		06C2F2CE2003229E00FCAFF3 /* Info.plist */ = {isa = PBXFileReference; lastKnownFileType = text.plist.xml; path = Info.plist; sourceTree = "<group>"; };
		06C2F2DA200322B500FCAFF3 /* Person.h */ = {isa = PBXFileReference; lastKnownFileType = sourcecode.c.h; path = Person.h; sourceTree = "<group>"; };
		06C2F2DB200322B500FCAFF3 /* Person.m */ = {isa = PBXFileReference; lastKnownFileType = sourcecode.c.objc; path = Person.m; sourceTree = "<group>"; };
		06C2F2DD20033C2000FCAFF3 /* Person+goHome.h */ = {isa = PBXFileReference; lastKnownFileType = sourcecode.c.h; path = "Person+goHome.h"; sourceTree = "<group>"; };
		06C2F2DE20033C2000FCAFF3 /* Person+goHome.m */ = {isa = PBXFileReference; lastKnownFileType = sourcecode.c.objc; path = "Person+goHome.m"; sourceTree = "<group>"; };
		06C2F2E02003456600FCAFF3 /* MYView.h */ = {isa = PBXFileReference; lastKnownFileType = sourcecode.c.h; path = MYView.h; sourceTree = "<group>"; };
		06C2F2E12003456600FCAFF3 /* MYView.m */ = {isa = PBXFileReference; lastKnownFileType = sourcecode.c.objc; path = MYView.m; sourceTree = "<group>"; };
/* End PBXFileReference section */

/* Begin PBXFrameworksBuildPhase section */
		06C2F2A22003229E00FCAFF3 /* Frameworks */ = {
			isa = PBXFrameworksBuildPhase;
			buildActionMask = 2147483647;
			files = (
			);
			runOnlyForDeploymentPostprocessing = 0;
		};
		06C2F2BA2003229E00FCAFF3 /* Frameworks */ = {
			isa = PBXFrameworksBuildPhase;
			buildActionMask = 2147483647;
			files = (
			);
			runOnlyForDeploymentPostprocessing = 0;
		};
		06C2F2C52003229E00FCAFF3 /* Frameworks */ = {
			isa = PBXFrameworksBuildPhase;
			buildActionMask = 2147483647;
			files = (
			);
			runOnlyForDeploymentPostprocessing = 0;
		};
/* End PBXFrameworksBuildPhase section */

/* Begin PBXGroup section */
		06C2F29C2003229E00FCAFF3 = {
			isa = PBXGroup;
			children = (
				06C2F2A72003229E00FCAFF3 /* LinkDemoProject */,
				06C2F2C02003229E00FCAFF3 /* LinkDemoProjectTests */,
				06C2F2CB2003229E00FCAFF3 /* LinkDemoProjectUITests */,
				06C2F2A62003229E00FCAFF3 /* Products */,
			);
			sourceTree = "<group>";
		};
		06C2F2A62003229E00FCAFF3 /* Products */ = {
			isa = PBXGroup;
			children = (
				06C2F2A52003229E00FCAFF3 /* LinkDemoProject.app */,
				06C2F2BD2003229E00FCAFF3 /* LinkDemoProjectTests.xctest */,
				06C2F2C82003229E00FCAFF3 /* LinkDemoProjectUITests.xctest */,
			);
			name = Products;
			sourceTree = "<group>";
		};
		06C2F2A72003229E00FCAFF3 /* LinkDemoProject */ = {
			isa = PBXGroup;
			children = (
				06C2F2A82003229E00FCAFF3 /* AppDelegate.h */,
				06C2F2A92003229E00FCAFF3 /* AppDelegate.m */,
				06C2F2AB2003229E00FCAFF3 /* ViewController.h */,
				06C2F2AC2003229E00FCAFF3 /* ViewController.m */,
				06C2F2E02003456600FCAFF3 /* MYView.h */,
				06C2F2E12003456600FCAFF3 /* MYView.m */,
				06C2F2DA200322B500FCAFF3 /* Person.h */,
				06C2F2DB200322B500FCAFF3 /* Person.m */,
				06C2F2DD20033C2000FCAFF3 /* Person+goHome.h */,
				06C2F2DE20033C2000FCAFF3 /* Person+goHome.m */,
				06C2F2AE2003229E00FCAFF3 /* Main.storyboard */,
				06C2F2B12003229E00FCAFF3 /* Assets.xcassets */,
				06C2F2B32003229E00FCAFF3 /* LaunchScreen.storyboard */,
				06C2F2B62003229E00FCAFF3 /* Info.plist */,
				06C2F2B72003229E00FCAFF3 /* main.m */,
			);
			path = LinkDemoProject;
			sourceTree = "<group>";
		};
		06C2F2C02003229E00FCAFF3 /* LinkDemoProjectTests */ = {
			isa = PBXGroup;
			children = (
				06C2F2C12003229E00FCAFF3 /* LinkDemoProjectTests.m */,
				06C2F2C32003229E00FCAFF3 /* Info.plist */,
			);
			path = LinkDemoProjectTests;
			sourceTree = "<group>";
		};
		06C2F2CB2003229E00FCAFF3 /* LinkDemoProjectUITests */ = {
			isa = PBXGroup;
			children = (
				06C2F2CC2003229E00FCAFF3 /* LinkDemoProjectUITests.m */,
				06C2F2CE2003229E00FCAFF3 /* Info.plist */,
			);
			path = LinkDemoProjectUITests;
			sourceTree = "<group>";
		};
/* End PBXGroup section */

/* Begin PBXNativeTarget section */
		06C2F2A42003229E00FCAFF3 /* LinkDemoProject */ = {
			isa = PBXNativeTarget;
			buildConfigurationList = 06C2F2D12003229E00FCAFF3 /* Build configuration list for PBXNativeTarget "LinkDemoProject" */;
			buildPhases = (
				06C2F2A12003229E00FCAFF3 /* Sources */,
				06C2F2A22003229E00FCAFF3 /* Frameworks */,
				06C2F2A32003229E00FCAFF3 /* Resources */,
			);
			buildRules = (
			);
			dependencies = (
			);
			name = LinkDemoProject;
			productName = LinkDemoProject;
			productReference = 06C2F2A52003229E00FCAFF3 /* LinkDemoProject.app */;
			productType = "com.apple.product-type.application";
		};
		06C2F2BC2003229E00FCAFF3 /* LinkDemoProjectTests */ = {
			isa = PBXNativeTarget;
			buildConfigurationList = 06C2F2D42003229E00FCAFF3 /* Build configuration list for PBXNativeTarget "LinkDemoProjectTests" */;
			buildPhases = (
				06C2F2B92003229E00FCAFF3 /* Sources */,
				06C2F2BA2003229E00FCAFF3 /* Frameworks */,
				06C2F2BB2003229E00FCAFF3 /* Resources */,
			);
			buildRules = (
			);
			dependencies = (
				06C2F2BF2003229E00FCAFF3 /* PBXTargetDependency */,
			);
			name = LinkDemoProjectTests;
			productName = LinkDemoProjectTests;
			productReference = 06C2F2BD2003229E00FCAFF3 /* LinkDemoProjectTests.xctest */;
			productType = "com.apple.product-type.bundle.unit-test";
		};
		06C2F2C72003229E00FCAFF3 /* LinkDemoProjectUITests */ = {
			isa = PBXNativeTarget;
			buildConfigurationList = 06C2F2D72003229E00FCAFF3 /* Build configuration list for PBXNativeTarget "LinkDemoProjectUITests" */;
			buildPhases = (
				06C2F2C42003229E00FCAFF3 /* Sources */,
				06C2F2C52003229E00FCAFF3 /* Frameworks */,
				06C2F2C62003229E00FCAFF3 /* Resources */,
			);
			buildRules = (
			);
			dependencies = (
				06C2F2CA2003229E00FCAFF3 /* PBXTargetDependency */,
			);
			name = LinkDemoProjectUITests;
			productName = LinkDemoProjectUITests;
			productReference = 06C2F2C82003229E00FCAFF3 /* LinkDemoProjectUITests.xctest */;
			productType = "com.apple.product-type.bundle.ui-testing";
		};
/* End PBXNativeTarget section */

/* Begin PBXProject section */
		06C2F29D2003229E00FCAFF3 /* Project object */ = {
			isa = PBXProject;
			attributes = {
				LastUpgradeCheck = 0910;
				ORGANIZATIONNAME = abadou;
				TargetAttributes = {
					06C2F2A42003229E00FCAFF3 = {
						CreatedOnToolsVersion = 9.1;
						ProvisioningStyle = Automatic;
					};
					06C2F2BC2003229E00FCAFF3 = {
						CreatedOnToolsVersion = 9.1;
						ProvisioningStyle = Automatic;
						TestTargetID = 06C2F2A42003229E00FCAFF3;
					};
					06C2F2C72003229E00FCAFF3 = {
						CreatedOnToolsVersion = 9.1;
						ProvisioningStyle = Automatic;
						TestTargetID = 06C2F2A42003229E00FCAFF3;
					};
				};
			};
			buildConfigurationList = 06C2F2A02003229E00FCAFF3 /* Build configuration list for PBXProject "LinkDemoProject" */;
			compatibilityVersion = "Xcode 8.0";
			developmentRegion = en;
			hasScannedForEncodings = 0;
			knownRegions = (
				en,
				Base,
			);
			mainGroup = 06C2F29C2003229E00FCAFF3;
			productRefGroup = 06C2F2A62003229E00FCAFF3 /* Products */;
			projectDirPath = "";
			projectRoot = "";
			targets = (
				06C2F2A42003229E00FCAFF3 /* LinkDemoProject */,
				06C2F2BC2003229E00FCAFF3 /* LinkDemoProjectTests */,
				06C2F2C72003229E00FCAFF3 /* LinkDemoProjectUITests */,
			);
		};
/* End PBXProject section */

/* Begin PBXResourcesBuildPhase section */
		06C2F2A32003229E00FCAFF3 /* Resources */ = {
			isa = PBXResourcesBuildPhase;
			buildActionMask = 2147483647;
			files = (
				06C2F2B52003229E00FCAFF3 /* LaunchScreen.storyboard in Resources */,
				06C2F2B22003229E00FCAFF3 /* Assets.xcassets in Resources */,
				06C2F2B02003229E00FCAFF3 /* Main.storyboard in Resources */,
			);
			runOnlyForDeploymentPostprocessing = 0;
		};
		06C2F2BB2003229E00FCAFF3 /* Resources */ = {
			isa = PBXResourcesBuildPhase;
			buildActionMask = 2147483647;
			files = (
			);
			runOnlyForDeploymentPostprocessing = 0;
		};
		06C2F2C62003229E00FCAFF3 /* Resources */ = {
			isa = PBXResourcesBuildPhase;
			buildActionMask = 2147483647;
			files = (
			);
			runOnlyForDeploymentPostprocessing = 0;
		};
/* End PBXResourcesBuildPhase section */

/* Begin PBXSourcesBuildPhase section */
		06C2F2A12003229E00FCAFF3 /* Sources */ = {
			isa = PBXSourcesBuildPhase;
			buildActionMask = 2147483647;
			files = (
				06C2F2DF20033C2000FCAFF3 /* Person+goHome.m in Sources */,
				06C2F2AD2003229E00FCAFF3 /* ViewController.m in Sources */,
				06C2F2E22003456600FCAFF3 /* MYView.m in Sources */,
				06C2F2B82003229E00FCAFF3 /* main.m in Sources */,
				06C2F2DC200322B500FCAFF3 /* Person.m in Sources */,
				06C2F2AA2003229E00FCAFF3 /* AppDelegate.m in Sources */,
			);
			runOnlyForDeploymentPostprocessing = 0;
		};
		06C2F2B92003229E00FCAFF3 /* Sources */ = {
			isa = PBXSourcesBuildPhase;
			buildActionMask = 2147483647;
			files = (
				06C2F2C22003229E00FCAFF3 /* LinkDemoProjectTests.m in Sources */,
			);
			runOnlyForDeploymentPostprocessing = 0;
		};
		06C2F2C42003229E00FCAFF3 /* Sources */ = {
			isa = PBXSourcesBuildPhase;
			buildActionMask = 2147483647;
			files = (
				06C2F2CD2003229E00FCAFF3 /* LinkDemoProjectUITests.m in Sources */,
			);
			runOnlyForDeploymentPostprocessing = 0;
		};
/* End PBXSourcesBuildPhase section */

/* Begin PBXTargetDependency section */
		06C2F2BF2003229E00FCAFF3 /* PBXTargetDependency */ = {
			isa = PBXTargetDependency;
			target = 06C2F2A42003229E00FCAFF3 /* LinkDemoProject */;
			targetProxy = 06C2F2BE2003229E00FCAFF3 /* PBXContainerItemProxy */;
		};
		06C2F2CA2003229E00FCAFF3 /* PBXTargetDependency */ = {
			isa = PBXTargetDependency;
			target = 06C2F2A42003229E00FCAFF3 /* LinkDemoProject */;
			targetProxy = 06C2F2C92003229E00FCAFF3 /* PBXContainerItemProxy */;
		};
/* End PBXTargetDependency section */

/* Begin PBXVariantGroup section */
		06C2F2AE2003229E00FCAFF3 /* Main.storyboard */ = {
			isa = PBXVariantGroup;
			children = (
				06C2F2AF2003229E00FCAFF3 /* Base */,
			);
			name = Main.storyboard;
			sourceTree = "<group>";
		};
		06C2F2B32003229E00FCAFF3 /* LaunchScreen.storyboard */ = {
			isa = PBXVariantGroup;
			children = (
				06C2F2B42003229E00FCAFF3 /* Base */,
			);
			name = LaunchScreen.storyboard;
			sourceTree = "<group>";
		};
/* End PBXVariantGroup section */

/* Begin XCBuildConfiguration section */
		06C2F2CF2003229E00FCAFF3 /* Debug */ = {
			isa = XCBuildConfiguration;
			buildSettings = {
				ALWAYS_SEARCH_USER_PATHS = NO;
				CLANG_ANALYZER_NONNULL = YES;
				CLANG_ANALYZER_NUMBER_OBJECT_CONVERSION = YES_AGGRESSIVE;
				CLANG_CXX_LANGUAGE_STANDARD = "gnu++14";
				CLANG_CXX_LIBRARY = "libc++";
				CLANG_ENABLE_MODULES = YES;
				CLANG_ENABLE_OBJC_ARC = YES;
				CLANG_WARN_BLOCK_CAPTURE_AUTORELEASING = YES;
				CLANG_WARN_BOOL_CONVERSION = YES;
				CLANG_WARN_COMMA = YES;
				CLANG_WARN_CONSTANT_CONVERSION = YES;
				CLANG_WARN_DIRECT_OBJC_ISA_USAGE = YES_ERROR;
				CLANG_WARN_DOCUMENTATION_COMMENTS = YES;
				CLANG_WARN_EMPTY_BODY = YES;
				CLANG_WARN_ENUM_CONVERSION = YES;
				CLANG_WARN_INFINITE_RECURSION = YES;
				CLANG_WARN_INT_CONVERSION = YES;
				CLANG_WARN_NON_LITERAL_NULL_CONVERSION = YES;
				CLANG_WARN_OBJC_LITERAL_CONVERSION = YES;
				CLANG_WARN_OBJC_ROOT_CLASS = YES_ERROR;
				CLANG_WARN_RANGE_LOOP_ANALYSIS = YES;
				CLANG_WARN_STRICT_PROTOTYPES = YES;
				CLANG_WARN_SUSPICIOUS_MOVE = YES;
				CLANG_WARN_UNGUARDED_AVAILABILITY = YES_AGGRESSIVE;
				CLANG_WARN_UNREACHABLE_CODE = YES;
				CLANG_WARN__DUPLICATE_METHOD_MATCH = YES;
				CODE_SIGN_IDENTITY = "iPhone Developer";
				COPY_PHASE_STRIP = NO;
				DEBUG_INFORMATION_FORMAT = dwarf;
				ENABLE_STRICT_OBJC_MSGSEND = YES;
				ENABLE_TESTABILITY = YES;
				GCC_C_LANGUAGE_STANDARD = gnu11;
				GCC_DYNAMIC_NO_PIC = NO;
				GCC_NO_COMMON_BLOCKS = YES;
				GCC_OPTIMIZATION_LEVEL = 0;
				GCC_PREPROCESSOR_DEFINITIONS = (
					"DEBUG=1",
					"$(inherited)",
				);
				GCC_WARN_64_TO_32_BIT_CONVERSION = YES;
				GCC_WARN_ABOUT_RETURN_TYPE = YES_ERROR;
				GCC_WARN_UNDECLARED_SELECTOR = YES;
				GCC_WARN_UNINITIALIZED_AUTOS = YES_AGGRESSIVE;
				GCC_WARN_UNUSED_FUNCTION = YES;
				GCC_WARN_UNUSED_VARIABLE = YES;
				IPHONEOS_DEPLOYMENT_TARGET = 11.1;
				MTL_ENABLE_DEBUG_INFO = YES;
				ONLY_ACTIVE_ARCH = YES;
				SDKROOT = iphoneos;
			};
			name = Debug;
		};
		06C2F2D02003229E00FCAFF3 /* Release */ = {
			isa = XCBuildConfiguration;
			buildSettings = {
				ALWAYS_SEARCH_USER_PATHS = NO;
				CLANG_ANALYZER_NONNULL = YES;
				CLANG_ANALYZER_NUMBER_OBJECT_CONVERSION = YES_AGGRESSIVE;
				CLANG_CXX_LANGUAGE_STANDARD = "gnu++14";
				CLANG_CXX_LIBRARY = "libc++";
				CLANG_ENABLE_MODULES = YES;
				CLANG_ENABLE_OBJC_ARC = YES;
				CLANG_WARN_BLOCK_CAPTURE_AUTORELEASING = YES;
				CLANG_WARN_BOOL_CONVERSION = YES;
				CLANG_WARN_COMMA = YES;
				CLANG_WARN_CONSTANT_CONVERSION = YES;
				CLANG_WARN_DIRECT_OBJC_ISA_USAGE = YES_ERROR;
				CLANG_WARN_DOCUMENTATION_COMMENTS = YES;
				CLANG_WARN_EMPTY_BODY = YES;
				CLANG_WARN_ENUM_CONVERSION = YES;
				CLANG_WARN_INFINITE_RECURSION = YES;
				CLANG_WARN_INT_CONVERSION = YES;
				CLANG_WARN_NON_LITERAL_NULL_CONVERSION = YES;
				CLANG_WARN_OBJC_LITERAL_CONVERSION = YES;
				CLANG_WARN_OBJC_ROOT_CLASS = YES_ERROR;
				CLANG_WARN_RANGE_LOOP_ANALYSIS = YES;
				CLANG_WARN_STRICT_PROTOTYPES = YES;
				CLANG_WARN_SUSPICIOUS_MOVE = YES;
				CLANG_WARN_UNGUARDED_AVAILABILITY = YES_AGGRESSIVE;
				CLANG_WARN_UNREACHABLE_CODE = YES;
				CLANG_WARN__DUPLICATE_METHOD_MATCH = YES;
				CODE_SIGN_IDENTITY = "iPhone Developer";
				COPY_PHASE_STRIP = NO;
				DEBUG_INFORMATION_FORMAT = "dwarf-with-dsym";
				ENABLE_NS_ASSERTIONS = NO;
				ENABLE_STRICT_OBJC_MSGSEND = YES;
				GCC_C_LANGUAGE_STANDARD = gnu11;
				GCC_NO_COMMON_BLOCKS = YES;
				GCC_WARN_64_TO_32_BIT_CONVERSION = YES;
				GCC_WARN_ABOUT_RETURN_TYPE = YES_ERROR;
				GCC_WARN_UNDECLARED_SELECTOR = YES;
				GCC_WARN_UNINITIALIZED_AUTOS = YES_AGGRESSIVE;
				GCC_WARN_UNUSED_FUNCTION = YES;
				GCC_WARN_UNUSED_VARIABLE = YES;
				IPHONEOS_DEPLOYMENT_TARGET = 11.1;
				MTL_ENABLE_DEBUG_INFO = NO;
				SDKROOT = iphoneos;
				VALIDATE_PRODUCT = YES;
			};
			name = Release;
		};
		06C2F2D22003229E00FCAFF3 /* Debug */ = {
			isa = XCBuildConfiguration;
			buildSettings = {
				ASSETCATALOG_COMPILER_APPICON_NAME = AppIcon;
				CODE_SIGN_STYLE = Automatic;
				DEVELOPMENT_TEAM = WSK5CDGU8H;
				INFOPLIST_FILE = LinkDemoProject/Info.plist;
				LD_RUNPATH_SEARCH_PATHS = "$(inherited) @executable_path/Frameworks";
				PRODUCT_BUNDLE_IDENTIFIER = abadou.com.cn.LinkDemoProject;
				PRODUCT_NAME = "$(TARGET_NAME)";
				TARGETED_DEVICE_FAMILY = "1,2";
			};
			name = Debug;
		};
		06C2F2D32003229E00FCAFF3 /* Release */ = {
			isa = XCBuildConfiguration;
			buildSettings = {
				ASSETCATALOG_COMPILER_APPICON_NAME = AppIcon;
				CODE_SIGN_STYLE = Automatic;
				DEVELOPMENT_TEAM = WSK5CDGU8H;
				INFOPLIST_FILE = LinkDemoProject/Info.plist;
				LD_RUNPATH_SEARCH_PATHS = "$(inherited) @executable_path/Frameworks";
				PRODUCT_BUNDLE_IDENTIFIER = abadou.com.cn.LinkDemoProject;
				PRODUCT_NAME = "$(TARGET_NAME)";
				TARGETED_DEVICE_FAMILY = "1,2";
			};
			name = Release;
		};
		06C2F2D52003229E00FCAFF3 /* Debug */ = {
			isa = XCBuildConfiguration;
			buildSettings = {
				BUNDLE_LOADER = "$(TEST_HOST)";
				CODE_SIGN_STYLE = Automatic;
				DEVELOPMENT_TEAM = WSK5CDGU8H;
				INFOPLIST_FILE = LinkDemoProjectTests/Info.plist;
				LD_RUNPATH_SEARCH_PATHS = "$(inherited) @executable_path/Frameworks @loader_path/Frameworks";
				PRODUCT_BUNDLE_IDENTIFIER = abadou.com.cn.LinkDemoProjectTests;
				PRODUCT_NAME = "$(TARGET_NAME)";
				TARGETED_DEVICE_FAMILY = "1,2";
				TEST_HOST = "$(BUILT_PRODUCTS_DIR)/LinkDemoProject.app/LinkDemoProject";
			};
			name = Debug;
		};
		06C2F2D62003229E00FCAFF3 /* Release */ = {
			isa = XCBuildConfiguration;
			buildSettings = {
				BUNDLE_LOADER = "$(TEST_HOST)";
				CODE_SIGN_STYLE = Automatic;
				DEVELOPMENT_TEAM = WSK5CDGU8H;
				INFOPLIST_FILE = LinkDemoProjectTests/Info.plist;
				LD_RUNPATH_SEARCH_PATHS = "$(inherited) @executable_path/Frameworks @loader_path/Frameworks";
				PRODUCT_BUNDLE_IDENTIFIER = abadou.com.cn.LinkDemoProjectTests;
				PRODUCT_NAME = "$(TARGET_NAME)";
				TARGETED_DEVICE_FAMILY = "1,2";
				TEST_HOST = "$(BUILT_PRODUCTS_DIR)/LinkDemoProject.app/LinkDemoProject";
			};
			name = Release;
		};
		06C2F2D82003229E00FCAFF3 /* Debug */ = {
			isa = XCBuildConfiguration;
			buildSettings = {
				CODE_SIGN_STYLE = Automatic;
				DEVELOPMENT_TEAM = WSK5CDGU8H;
				INFOPLIST_FILE = LinkDemoProjectUITests/Info.plist;
				LD_RUNPATH_SEARCH_PATHS = "$(inherited) @executable_path/Frameworks @loader_path/Frameworks";
				PRODUCT_BUNDLE_IDENTIFIER = abadou.com.cn.LinkDemoProjectUITests;
				PRODUCT_NAME = "$(TARGET_NAME)";
				TARGETED_DEVICE_FAMILY = "1,2";
				TEST_TARGET_NAME = LinkDemoProject;
			};
			name = Debug;
		};
		06C2F2D92003229E00FCAFF3 /* Release */ = {
			isa = XCBuildConfiguration;
			buildSettings = {
				CODE_SIGN_STYLE = Automatic;
				DEVELOPMENT_TEAM = WSK5CDGU8H;
				INFOPLIST_FILE = LinkDemoProjectUITests/Info.plist;
				LD_RUNPATH_SEARCH_PATHS = "$(inherited) @executable_path/Frameworks @loader_path/Frameworks";
				PRODUCT_BUNDLE_IDENTIFIER = abadou.com.cn.LinkDemoProjectUITests;
				PRODUCT_NAME = "$(TARGET_NAME)";
				TARGETED_DEVICE_FAMILY = "1,2";
				TEST_TARGET_NAME = LinkDemoProject;
			};
			name = Release;
		};
/* End XCBuildConfiguration section */

/* Begin XCConfigurationList section */
		06C2F2A02003229E00FCAFF3 /* Build configuration list for PBXProject "LinkDemoProject" */ = {
			isa = XCConfigurationList;
			buildConfigurations = (
				06C2F2CF2003229E00FCAFF3 /* Debug */,
				06C2F2D02003229E00FCAFF3 /* Release */,
			);
			defaultConfigurationIsVisible = 0;
			defaultConfigurationName = Release;
		};
		06C2F2D12003229E00FCAFF3 /* Build configuration list for PBXNativeTarget "LinkDemoProject" */ = {
			isa = XCConfigurationList;
			buildConfigurations = (
				06C2F2D22003229E00FCAFF3 /* Debug */,
				06C2F2D32003229E00FCAFF3 /* Release */,
			);
			defaultConfigurationIsVisible = 0;
			defaultConfigurationName = Release;
		};
		06C2F2D42003229E00FCAFF3 /* Build configuration list for PBXNativeTarget "LinkDemoProjectTests" */ = {
			isa = XCConfigurationList;
			buildConfigurations = (
				06C2F2D52003229E00FCAFF3 /* Debug */,
				06C2F2D62003229E00FCAFF3 /* Release */,
			);
			defaultConfigurationIsVisible = 0;
			defaultConfigurationName = Release;
		};
		06C2F2D72003229E00FCAFF3 /* Build configuration list for PBXNativeTarget "LinkDemoProjectUITests" */ = {
			isa = XCConfigurationList;
			buildConfigurations = (
				06C2F2D82003229E00FCAFF3 /* Debug */,
				06C2F2D92003229E00FCAFF3 /* Release */,
			);
			defaultConfigurationIsVisible = 0;
			defaultConfigurationName = Release;
		};
/* End XCConfigurationList section */
	};
	rootObject = 06C2F29D2003229E00FCAFF3 /* Project object */;
}
